{
    "name": "xiaobogWhechat",
    "version": "0.0.0",
    "lockfileVersion": 1,
    "dependencies": {
        "crypto": {
            "version": "0.0.3",
            "resolved": "http://r.cnpmjs.org/crypto/download/crypto-0.0.3.tgz",
            "integrity": "sha1-RwqBuGvkxe4XrMggeh9TFa4g27A=",
            "dev": true
        },
        "inherits": {
            "version": "2.0.1",
            "resolved": "http://r.cnpmjs.org/inherits/download/inherits-2.0.1.tgz",
            "integrity": "sha1-sX0I0ya0Qj5Wjv9xn5GwscvfafE="
        },
        "lodash": {
            "version": "4.17.4",
            "resolved": "http://r.cnpmjs.org/lodash/download/lodash-4.17.4.tgz",
            "integrity": "sha1-eCA6TRwyiuHYbcpkYONptX9AVa4=",
            "dev": true
        },
        "sax": {
            "version": "1.2.4",
            "resolved": "http://r.cnpmjs.org/sax/download/sax-1.2.4.tgz",
            "integrity": "sha1-KBYjTiN4vdxOU1T6tcqold9xANk=",
            "dev": true
        },
        "util": {
            "version": "0.10.3",
            "resolved": "http://r.cnpmjs.org/util/download/util-0.10.3.tgz",
            "integrity": "sha1-evsa/lCAUkZInj23/g7TeTNqwPk="
        },
        "xml2js": {
            "version": "0.4.17",
            "resolved": "http://r.cnpmjs.org/xml2js/download/xml2js-0.4.17.tgz",
            "integrity": "sha1-F76T6q4/O3eTWceVtBlwWogX6Gg=",
            "dev": true
        },
        "xmlbuilder": {
            "version": "4.2.1",
            "resolved": "http://r.cnpmjs.org/xmlbuilder/download/xmlbuilder-4.2.1.tgz",
            "integrity": "sha1-qlijBBoGb5DqoWwvU4n/GfP0YaU=",
            "dev": true
        }
    }
}
